# This file is automatically @generated by Cargo.
# It is not intended for manual editing.
version = 4

[[package]]
name = "q1tsim-bench"
version = "0.1.0"

[[package]]
name = "qcgpu-bench"
version = "0.1.0"

[[package]]
name = "quantr-bench"
version = "0.1.0"

[[package]]
name = "quantrs-bench"
version = "0.1.0"
